// !$*UTF8*$!
{
	archiveVersion = 1;
	classes = {
	};
	objectVersion = 46;
	objects = {

/* Begin PBXBuildFile section */
		BD0D99FD77733AD1B625CDF0 /* libPods-EducationTestAppTests.a in Frameworks */ = {isa = PBXBuildFile; fileRef = AA78F819537D062122AF15D3 /* libPods-EducationTestAppTests.a */; };
		E31448581C8D7133007A69AD /* EDALocking.m in Sources */ = {isa = PBXBuildFile; fileRef = E31448571C8D7133007A69AD /* EDALocking.m */; };
		E314485C1C8DA928007A69AD /* EDAObserverSpec.m in Sources */ = {isa = PBXBuildFile; fileRef = E314485B1C8DA928007A69AD /* EDAObserverSpec.m */; };
		E382C6001C3BB4C40006F1C1 /* EDAResponseTests.m in Sources */ = {isa = PBXBuildFile; fileRef = E382C5FF1C3BB4C40006F1C1 /* EDAResponseTests.m */; };
		E382E3A81C3A914A009059BA /* EducationTestAppTests.m in Sources */ = {isa = PBXBuildFile; fileRef = E382E3A71C3A914A009059BA /* EducationTestAppTests.m */; };
		E382E3D41C3AA80D009059BA /* EDADataTests.m in Sources */ = {isa = PBXBuildFile; fileRef = E382E3D31C3AA80D009059BA /* EDADataTests.m */; };
		E382E3E81C3AB401009059BA /* EDAResponseRequestResultTests.m in Sources */ = {isa = PBXBuildFile; fileRef = E382E3E71C3AB401009059BA /* EDAResponseRequestResultTests.m */; };
		E382E3F01C3ABA63009059BA /* EDAResponseLayoutTests.m in Sources */ = {isa = PBXBuildFile; fileRef = E382E3EF1C3ABA63009059BA /* EDAResponseLayoutTests.m */; };
		E382E3F21C3ABF40009059BA /* EDAResponseMetadataTests.m in Sources */ = {isa = PBXBuildFile; fileRef = E382E3F11C3ABF40009059BA /* EDAResponseMetadataTests.m */; };
		E3836FC21C88A208002CD62D /* EDAObserver.m in Sources */ = {isa = PBXBuildFile; fileRef = E3836FC11C88A208002CD62D /* EDAObserver.m */; };
		E385CAC81C7499BB000197DB /* EDADataManager.m in Sources */ = {isa = PBXBuildFile; fileRef = E385CAC71C7499BB000197DB /* EDADataManager.m */; };
		E385CAC91C7499CB000197DB /* EDADataManager.m in Sources */ = {isa = PBXBuildFile; fileRef = E385CAC71C7499BB000197DB /* EDADataManager.m */; };
		E385CACC1C7499F1000197DB /* EDADataManagerTests.m in Sources */ = {isa = PBXBuildFile; fileRef = E385CACB1C7499F1000197DB /* EDADataManagerTests.m */; };
		E388F34B1C89C7C400B9CF61 /* EDANetwork.m in Sources */ = {isa = PBXBuildFile; fileRef = E388F34A1C89C7C400B9CF61 /* EDANetwork.m */; };
		E38942391C622371007C1E6A /* EDAImp.m in Sources */ = {isa = PBXBuildFile; fileRef = E38942381C622371007C1E6A /* EDAImp.m */; };
		E389423D1C622424007C1E6A /* EDAMock.m in Sources */ = {isa = PBXBuildFile; fileRef = E389423C1C622424007C1E6A /* EDAMock.m */; };
		E389423F1C6228A2007C1E6A /* NSObject+EDACustomClassesTests.m in Sources */ = {isa = PBXBuildFile; fileRef = E389423E1C6228A2007C1E6A /* NSObject+EDACustomClassesTests.m */; };
		E38A02BD1C88869C00566E0E /* NSURLSession+EDAExtensions.m in Sources */ = {isa = PBXBuildFile; fileRef = E38A02BC1C88869C00566E0E /* NSURLSession+EDAExtensions.m */; };
		E38A02C11C88898800566E0E /* EDAObservableObject.m in Sources */ = {isa = PBXBuildFile; fileRef = E38A02C01C88898800566E0E /* EDAObservableObject.m */; };
		E38A02C41C888A0700566E0E /* EDAObservableObjectSpec.m in Sources */ = {isa = PBXBuildFile; fileRef = E38A02C31C888A0700566E0E /* EDAObservableObjectSpec.m */; };
		E38A16571C6CA62200ABC9EA /* EDAURLRequestTests.m in Sources */ = {isa = PBXBuildFile; fileRef = E38A16561C6CA62200ABC9EA /* EDAURLRequestTests.m */; };
		E38A16681C6CBD1C00ABC9EA /* NSURLSessionTask+EDAExtensions.m in Sources */ = {isa = PBXBuildFile; fileRef = E38A16671C6CBD1C00ABC9EA /* NSURLSessionTask+EDAExtensions.m */; };
		E38A16691C6CBD1C00ABC9EA /* NSURLSessionTask+EDAExtensions.m in Sources */ = {isa = PBXBuildFile; fileRef = E38A16671C6CBD1C00ABC9EA /* NSURLSessionTask+EDAExtensions.m */; };
		E38A5A7C1C69D9FD00AC03ED /* EDADataModel.m in Sources */ = {isa = PBXBuildFile; fileRef = E38A5A7B1C69D9FD00AC03ED /* EDADataModel.m */; };
		E38A5A8B1C6A20C000AC03ED /* EDAURLRequest.m in Sources */ = {isa = PBXBuildFile; fileRef = E38A5A8A1C6A20C000AC03ED /* EDAURLRequest.m */; };
		E38A5A8C1C6A20C000AC03ED /* EDAURLRequest.m in Sources */ = {isa = PBXBuildFile; fileRef = E38A5A8A1C6A20C000AC03ED /* EDAURLRequest.m */; };
		E38A5A8F1C6A238C00AC03ED /* EDARecordInfoRequest.m in Sources */ = {isa = PBXBuildFile; fileRef = E38A5A8E1C6A238C00AC03ED /* EDARecordInfoRequest.m */; };
		E38A5A901C6A238C00AC03ED /* EDARecordInfoRequest.m in Sources */ = {isa = PBXBuildFile; fileRef = E38A5A8E1C6A238C00AC03ED /* EDARecordInfoRequest.m */; };
		E38A5A931C6A2B8800AC03ED /* EDARecordsListRequest.m in Sources */ = {isa = PBXBuildFile; fileRef = E38A5A921C6A2B8800AC03ED /* EDARecordsListRequest.m */; };
		E38A5A941C6A2B8800AC03ED /* EDARecordsListRequest.m in Sources */ = {isa = PBXBuildFile; fileRef = E38A5A921C6A2B8800AC03ED /* EDARecordsListRequest.m */; };
		E38ABBA71C64E9930099B5E6 /* Assets.xcassets in Resources */ = {isa = PBXBuildFile; fileRef = E38ABB6C1C64E9930099B5E6 /* Assets.xcassets */; };
		E38ABBA81C64E9930099B5E6 /* LaunchScreen.storyboard in Resources */ = {isa = PBXBuildFile; fileRef = E38ABB6D1C64E9930099B5E6 /* LaunchScreen.storyboard */; };
		E38ABBA91C64E9930099B5E6 /* Main.storyboard in Resources */ = {isa = PBXBuildFile; fileRef = E38ABB6F1C64E9930099B5E6 /* Main.storyboard */; };
		E38ABBBF1C64F60F0099B5E6 /* EDAAppDelegate.m in Sources */ = {isa = PBXBuildFile; fileRef = E38ABBBC1C64F60F0099B5E6 /* EDAAppDelegate.m */; };
		E38ABBC11C64F60F0099B5E6 /* main.m in Sources */ = {isa = PBXBuildFile; fileRef = E38ABBBE1C64F60F0099B5E6 /* main.m */; };
		E38ABBF91C64F6170099B5E6 /* NSArray+EDAExtentions.m in Sources */ = {isa = PBXBuildFile; fileRef = E38ABBC81C64F6170099B5E6 /* NSArray+EDAExtentions.m */; };
		E38ABBFA1C64F6170099B5E6 /* NSMethodSignature+EDAExtensions.m in Sources */ = {isa = PBXBuildFile; fileRef = E38ABBCC1C64F6170099B5E6 /* NSMethodSignature+EDAExtensions.m */; };
		E38ABBFB1C64F6170099B5E6 /* NSNull+EDARuntime.m in Sources */ = {isa = PBXBuildFile; fileRef = E38ABBD01C64F6170099B5E6 /* NSNull+EDARuntime.m */; };
		E38ABBFC1C64F6170099B5E6 /* NSObject+EDARuntime.m in Sources */ = {isa = PBXBuildFile; fileRef = E38ABBD41C64F6170099B5E6 /* NSObject+EDARuntime.m */; };
		E38ABBFF1C64F6170099B5E6 /* EDAData.m in Sources */ = {isa = PBXBuildFile; fileRef = E38ABBDF1C64F6170099B5E6 /* EDAData.m */; };
		E38ABC001C64F6170099B5E6 /* EDANull.m in Sources */ = {isa = PBXBuildFile; fileRef = E38ABBE21C64F6170099B5E6 /* EDANull.m */; };
		E38ABC011C64F6170099B5E6 /* EDAResponse.m in Sources */ = {isa = PBXBuildFile; fileRef = E38ABBE51C64F6170099B5E6 /* EDAResponse.m */; };
		E38ABC021C64F6170099B5E6 /* EDAResponseLayout.m in Sources */ = {isa = PBXBuildFile; fileRef = E38ABBE81C64F6170099B5E6 /* EDAResponseLayout.m */; };
		E38ABC031C64F6170099B5E6 /* EDAResponseMetadata.m in Sources */ = {isa = PBXBuildFile; fileRef = E38ABBEB1C64F6170099B5E6 /* EDAResponseMetadata.m */; };
		E38ABC041C64F6170099B5E6 /* EDAResponseRequestResult.m in Sources */ = {isa = PBXBuildFile; fileRef = E38ABBEE1C64F6170099B5E6 /* EDAResponseRequestResult.m */; };
		E38ABC051C64F6170099B5E6 /* EDATableViewCell.m in Sources */ = {isa = PBXBuildFile; fileRef = E38ABBF41C64F6170099B5E6 /* EDATableViewCell.m */; };
		E38ABC061C64F6170099B5E6 /* EDATableViewCell.xib in Resources */ = {isa = PBXBuildFile; fileRef = E38ABBF51C64F6170099B5E6 /* EDATableViewCell.xib */; };
		E38ABC071C64F6170099B5E6 /* EDAViewController.m in Sources */ = {isa = PBXBuildFile; fileRef = E38ABBF71C64F6170099B5E6 /* EDAViewController.m */; };
		E38CA3111C4E90E20047845A /* NSObject+EDASubclassesTests.m in Sources */ = {isa = PBXBuildFile; fileRef = E38CA3101C4E90E20047845A /* NSObject+EDASubclassesTests.m */; };
		E38E9B601C86D81200BFF9C8 /* NSMutableURLRequest+EDAExtensions.m in Sources */ = {isa = PBXBuildFile; fileRef = E38E9B5F1C86D81200BFF9C8 /* NSMutableURLRequest+EDAExtensions.m */; };
		E38E9B681C874A4600BFF9C8 /* UITableView+EDAExtensions.m in Sources */ = {isa = PBXBuildFile; fileRef = E38E9B671C874A4600BFF9C8 /* UITableView+EDAExtensions.m */; };
		E394C4E41C84452800B45EF2 /* NSString+EDAExtensions.m in Sources */ = {isa = PBXBuildFile; fileRef = E394C4E31C84452800B45EF2 /* NSString+EDAExtensions.m */; };
		E39A0C8C1C7353F8009DE563 /* CFNetwork.framework in Frameworks */ = {isa = PBXBuildFile; fileRef = E39A0C8B1C7353F8009DE563 /* CFNetwork.framework */; settings = {ATTRIBUTES = (Weak, ); }; };
		E39A0C901C735682009DE563 /* NSError+EDAExtensions.m in Sources */ = {isa = PBXBuildFile; fileRef = E39A0C8F1C735682009DE563 /* NSError+EDAExtensions.m */; };
		E39A0C941C735AFF009DE563 /* UIViewController+EDAAlert.m in Sources */ = {isa = PBXBuildFile; fileRef = E39A0C931C735AFF009DE563 /* UIViewController+EDAAlert.m */; };
		E39D19551C560A8200A0D3E9 /* EDANullTests.m in Sources */ = {isa = PBXBuildFile; fileRef = E39D19541C560A8200A0D3E9 /* EDANullTests.m */; };
		E39D4FFB1C4F8E7900333F57 /* NSNullTests.m in Sources */ = {isa = PBXBuildFile; fileRef = E39D4FFA1C4F8E7900333F57 /* NSNullTests.m */; };
		E3CD77C51C478A020047446F /* EDANSJSONSerializationTest.m in Sources */ = {isa = PBXBuildFile; fileRef = E3CD77C41C478A020047446F /* EDANSJSONSerializationTest.m */; };
/* End PBXBuildFile section */

/* Begin PBXContainerItemProxy section */
		E382E3A41C3A914A009059BA /* PBXContainerItemProxy */ = {
			isa = PBXContainerItemProxy;
			containerPortal = E382E3821C3A914A009059BA /* Project object */;
			proxyType = 1;
			remoteGlobalIDString = E382E3891C3A914A009059BA;
			remoteInfo = EducationTestApp;
		};
/* End PBXContainerItemProxy section */

/* Begin PBXFileReference section */
		4A37D27B320CCC8B8857B137 /* Pods-EducationTestAppTests.release.xcconfig */ = {isa = PBXFileReference; includeInIndex = 1; lastKnownFileType = text.xcconfig; name = "Pods-EducationTestAppTests.release.xcconfig"; path = "Pods/Target Support Files/Pods-EducationTestAppTests/Pods-EducationTestAppTests.release.xcconfig"; sourceTree = "<group>"; };
		9807A9D839318F44F9422E71 /* Pods-EducationTestAppTests.debug.xcconfig */ = {isa = PBXFileReference; includeInIndex = 1; lastKnownFileType = text.xcconfig; name = "Pods-EducationTestAppTests.debug.xcconfig"; path = "Pods/Target Support Files/Pods-EducationTestAppTests/Pods-EducationTestAppTests.debug.xcconfig"; sourceTree = "<group>"; };
		AA78F819537D062122AF15D3 /* libPods-EducationTestAppTests.a */ = {isa = PBXFileReference; explicitFileType = archive.ar; includeInIndex = 0; path = "libPods-EducationTestAppTests.a"; sourceTree = BUILT_PRODUCTS_DIR; };
		E31448571C8D7133007A69AD /* EDALocking.m */ = {isa = PBXFileReference; fileEncoding = 4; lastKnownFileType = sourcecode.c.objc; path = EDALocking.m; sourceTree = "<group>"; };
		E31448591C8D7187007A69AD /* EDAReturnMacros.h */ = {isa = PBXFileReference; lastKnownFileType = sourcecode.c.h; name = EDAReturnMacros.h; path = Sources/Utilities/EDAMacros/EDAReturnMacros/EDAReturnMacros.h; sourceTree = SOURCE_ROOT; };
		E314485A1C8D7372007A69AD /* EDABlockMacros.h */ = {isa = PBXFileReference; lastKnownFileType = sourcecode.c.h; path = EDABlockMacros.h; sourceTree = "<group>"; };
		E314485B1C8DA928007A69AD /* EDAObserverSpec.m */ = {isa = PBXFileReference; fileEncoding = 4; lastKnownFileType = sourcecode.c.objc; path = EDAObserverSpec.m; sourceTree = "<group>"; };
		E382C5FF1C3BB4C40006F1C1 /* EDAResponseTests.m */ = {isa = PBXFileReference; fileEncoding = 4; lastKnownFileType = sourcecode.c.objc; path = EDAResponseTests.m; sourceTree = "<group>"; };
		E382C6011C3BB74A0006F1C1 /* EDATestAPI.h */ = {isa = PBXFileReference; lastKnownFileType = sourcecode.c.h; path = EDATestAPI.h; sourceTree = "<group>"; };
		E382E38A1C3A914A009059BA /* EducationTestApp.app */ = {isa = PBXFileReference; explicitFileType = wrapper.application; includeInIndex = 0; path = EducationTestApp.app; sourceTree = BUILT_PRODUCTS_DIR; };
		E382E3A31C3A914A009059BA /* EducationTestAppTests.xctest */ = {isa = PBXFileReference; explicitFileType = wrapper.cfbundle; includeInIndex = 0; path = EducationTestAppTests.xctest; sourceTree = BUILT_PRODUCTS_DIR; };
		E382E3A71C3A914A009059BA /* EducationTestAppTests.m */ = {isa = PBXFileReference; lastKnownFileType = sourcecode.c.objc; path = EducationTestAppTests.m; sourceTree = "<group>"; };
		E382E3A91C3A914A009059BA /* Info.plist */ = {isa = PBXFileReference; lastKnownFileType = text.plist.xml; path = Info.plist; sourceTree = "<group>"; };
		E382E3B21C3A914A009059BA /* EducationTestAppUITests.m */ = {isa = PBXFileReference; lastKnownFileType = sourcecode.c.objc; path = EducationTestAppUITests.m; sourceTree = "<group>"; };
		E382E3B41C3A914A009059BA /* Info.plist */ = {isa = PBXFileReference; lastKnownFileType = text.plist.xml; path = Info.plist; sourceTree = "<group>"; };
		E382E3D31C3AA80D009059BA /* EDADataTests.m */ = {isa = PBXFileReference; fileEncoding = 4; lastKnownFileType = sourcecode.c.objc; path = EDADataTests.m; sourceTree = "<group>"; };
		E382E3E71C3AB401009059BA /* EDAResponseRequestResultTests.m */ = {isa = PBXFileReference; fileEncoding = 4; lastKnownFileType = sourcecode.c.objc; path = EDAResponseRequestResultTests.m; sourceTree = "<group>"; };
		E382E3EF1C3ABA63009059BA /* EDAResponseLayoutTests.m */ = {isa = PBXFileReference; fileEncoding = 4; lastKnownFileType = sourcecode.c.objc; path = EDAResponseLayoutTests.m; sourceTree = "<group>"; };
		E382E3F11C3ABF40009059BA /* EDAResponseMetadataTests.m */ = {isa = PBXFileReference; fileEncoding = 4; lastKnownFileType = sourcecode.c.objc; path = EDAResponseMetadataTests.m; sourceTree = "<group>"; };
		E3836FC01C88A208002CD62D /* EDAObserver.h */ = {isa = PBXFileReference; fileEncoding = 4; lastKnownFileType = sourcecode.c.h; path = EDAObserver.h; sourceTree = "<group>"; };
		E3836FC11C88A208002CD62D /* EDAObserver.m */ = {isa = PBXFileReference; fileEncoding = 4; lastKnownFileType = sourcecode.c.objc; path = EDAObserver.m; sourceTree = "<group>"; };
		E385CAC61C7499BB000197DB /* EDADataManager.h */ = {isa = PBXFileReference; fileEncoding = 4; lastKnownFileType = sourcecode.c.h; path = EDADataManager.h; sourceTree = "<group>"; };
		E385CAC71C7499BB000197DB /* EDADataManager.m */ = {isa = PBXFileReference; fileEncoding = 4; lastKnownFileType = sourcecode.c.objc; path = EDADataManager.m; sourceTree = "<group>"; };
		E385CACB1C7499F1000197DB /* EDADataManagerTests.m */ = {isa = PBXFileReference; fileEncoding = 4; lastKnownFileType = sourcecode.c.objc; path = EDADataManagerTests.m; sourceTree = "<group>"; };
		E385E97E1C7752F000E7849C /* EDADispatch.h */ = {isa = PBXFileReference; lastKnownFileType = sourcecode.c.h; path = EDADispatch.h; sourceTree = "<group>"; };
		E388F3451C898D6300B9CF61 /* EDALocking.h */ = {isa = PBXFileReference; fileEncoding = 4; lastKnownFileType = sourcecode.c.h; path = EDALocking.h; sourceTree = "<group>"; };
		E388F34A1C89C7C400B9CF61 /* EDANetwork.m */ = {isa = PBXFileReference; fileEncoding = 4; lastKnownFileType = sourcecode.c.objc; path = EDANetwork.m; sourceTree = "<group>"; };
		E38942371C622371007C1E6A /* EDAImp.h */ = {isa = PBXFileReference; fileEncoding = 4; lastKnownFileType = sourcecode.c.h; path = EDAImp.h; sourceTree = "<group>"; };
		E38942381C622371007C1E6A /* EDAImp.m */ = {isa = PBXFileReference; fileEncoding = 4; lastKnownFileType = sourcecode.c.objc; path = EDAImp.m; sourceTree = "<group>"; };
		E389423B1C622424007C1E6A /* EDAMock.h */ = {isa = PBXFileReference; fileEncoding = 4; lastKnownFileType = sourcecode.c.h; path = EDAMock.h; sourceTree = "<group>"; };
		E389423C1C622424007C1E6A /* EDAMock.m */ = {isa = PBXFileReference; fileEncoding = 4; lastKnownFileType = sourcecode.c.objc; path = EDAMock.m; sourceTree = "<group>"; };
		E389423E1C6228A2007C1E6A /* NSObject+EDACustomClassesTests.m */ = {isa = PBXFileReference; fileEncoding = 4; lastKnownFileType = sourcecode.c.objc; path = "NSObject+EDACustomClassesTests.m"; sourceTree = "<group>"; };
		E38A02BB1C88869C00566E0E /* NSURLSession+EDAExtensions.h */ = {isa = PBXFileReference; fileEncoding = 4; lastKnownFileType = sourcecode.c.h; path = "NSURLSession+EDAExtensions.h"; sourceTree = "<group>"; };
		E38A02BC1C88869C00566E0E /* NSURLSession+EDAExtensions.m */ = {isa = PBXFileReference; fileEncoding = 4; lastKnownFileType = sourcecode.c.objc; path = "NSURLSession+EDAExtensions.m"; sourceTree = "<group>"; };
		E38A02BF1C88898800566E0E /* EDAObservableObject.h */ = {isa = PBXFileReference; fileEncoding = 4; lastKnownFileType = sourcecode.c.h; path = EDAObservableObject.h; sourceTree = "<group>"; };
		E38A02C01C88898800566E0E /* EDAObservableObject.m */ = {isa = PBXFileReference; fileEncoding = 4; lastKnownFileType = sourcecode.c.objc; path = EDAObservableObject.m; sourceTree = "<group>"; };
		E38A02C31C888A0700566E0E /* EDAObservableObjectSpec.m */ = {isa = PBXFileReference; fileEncoding = 4; lastKnownFileType = sourcecode.c.objc; path = EDAObservableObjectSpec.m; sourceTree = "<group>"; };
		E38A16561C6CA62200ABC9EA /* EDAURLRequestTests.m */ = {isa = PBXFileReference; fileEncoding = 4; lastKnownFileType = sourcecode.c.objc; path = EDAURLRequestTests.m; sourceTree = "<group>"; };
		E38A16661C6CBD1C00ABC9EA /* NSURLSessionTask+EDAExtensions.h */ = {isa = PBXFileReference; fileEncoding = 4; lastKnownFileType = sourcecode.c.h; path = "NSURLSessionTask+EDAExtensions.h"; sourceTree = "<group>"; };
		E38A16671C6CBD1C00ABC9EA /* NSURLSessionTask+EDAExtensions.m */ = {isa = PBXFileReference; fileEncoding = 4; lastKnownFileType = sourcecode.c.objc; path = "NSURLSessionTask+EDAExtensions.m"; sourceTree = "<group>"; };
		E38A5A7A1C69D9FD00AC03ED /* EDADataModel.h */ = {isa = PBXFileReference; fileEncoding = 4; lastKnownFileType = sourcecode.c.h; path = EDADataModel.h; sourceTree = "<group>"; };
		E38A5A7B1C69D9FD00AC03ED /* EDADataModel.m */ = {isa = PBXFileReference; fileEncoding = 4; lastKnownFileType = sourcecode.c.objc; path = EDADataModel.m; sourceTree = "<group>"; };
		E38A5A891C6A20C000AC03ED /* EDAURLRequest.h */ = {isa = PBXFileReference; fileEncoding = 4; lastKnownFileType = sourcecode.c.h; path = EDAURLRequest.h; sourceTree = "<group>"; };
		E38A5A8A1C6A20C000AC03ED /* EDAURLRequest.m */ = {isa = PBXFileReference; fileEncoding = 4; lastKnownFileType = sourcecode.c.objc; path = EDAURLRequest.m; sourceTree = "<group>"; };
		E38A5A8D1C6A238C00AC03ED /* EDARecordInfoRequest.h */ = {isa = PBXFileReference; fileEncoding = 4; lastKnownFileType = sourcecode.c.h; path = EDARecordInfoRequest.h; sourceTree = "<group>"; };
		E38A5A8E1C6A238C00AC03ED /* EDARecordInfoRequest.m */ = {isa = PBXFileReference; fileEncoding = 4; lastKnownFileType = sourcecode.c.objc; path = EDARecordInfoRequest.m; sourceTree = "<group>"; };
		E38A5A911C6A2B8800AC03ED /* EDARecordsListRequest.h */ = {isa = PBXFileReference; fileEncoding = 4; lastKnownFileType = sourcecode.c.h; path = EDARecordsListRequest.h; sourceTree = "<group>"; };
		E38A5A921C6A2B8800AC03ED /* EDARecordsListRequest.m */ = {isa = PBXFileReference; fileEncoding = 4; lastKnownFileType = sourcecode.c.objc; path = EDARecordsListRequest.m; sourceTree = "<group>"; };
		E38ABB6C1C64E9930099B5E6 /* Assets.xcassets */ = {isa = PBXFileReference; lastKnownFileType = folder.assetcatalog; path = Assets.xcassets; sourceTree = "<group>"; };
		E38ABB6E1C64E9930099B5E6 /* Base */ = {isa = PBXFileReference; lastKnownFileType = file.storyboard; name = Base; path = Base.lproj/LaunchScreen.storyboard; sourceTree = "<group>"; };
		E38ABB701C64E9930099B5E6 /* Base */ = {isa = PBXFileReference; lastKnownFileType = file.storyboard; name = Base; path = Base.lproj/Main.storyboard; sourceTree = "<group>"; };
		E38ABBBB1C64F60F0099B5E6 /* EDAAppDelegate.h */ = {isa = PBXFileReference; fileEncoding = 4; lastKnownFileType = sourcecode.c.h; path = EDAAppDelegate.h; sourceTree = "<group>"; };
		E38ABBBC1C64F60F0099B5E6 /* EDAAppDelegate.m */ = {isa = PBXFileReference; fileEncoding = 4; lastKnownFileType = sourcecode.c.objc; path = EDAAppDelegate.m; sourceTree = "<group>"; };
		E38ABBBD1C64F60F0099B5E6 /* Info.plist */ = {isa = PBXFileReference; fileEncoding = 4; lastKnownFileType = text.plist.xml; path = Info.plist; sourceTree = "<group>"; };
		E38ABBBE1C64F60F0099B5E6 /* main.m */ = {isa = PBXFileReference; fileEncoding = 4; lastKnownFileType = sourcecode.c.objc; path = main.m; sourceTree = "<group>"; };
		E38ABBC71C64F6170099B5E6 /* NSArray+EDAExtensions.h */ = {isa = PBXFileReference; fileEncoding = 4; lastKnownFileType = sourcecode.c.h; path = "NSArray+EDAExtensions.h"; sourceTree = "<group>"; };
		E38ABBC81C64F6170099B5E6 /* NSArray+EDAExtentions.m */ = {isa = PBXFileReference; fileEncoding = 4; lastKnownFileType = sourcecode.c.objc; path = "NSArray+EDAExtentions.m"; sourceTree = "<group>"; };
		E38ABBCB1C64F6170099B5E6 /* NSMethodSignature+EDAExtensions.h */ = {isa = PBXFileReference; fileEncoding = 4; lastKnownFileType = sourcecode.c.h; path = "NSMethodSignature+EDAExtensions.h"; sourceTree = "<group>"; };
		E38ABBCC1C64F6170099B5E6 /* NSMethodSignature+EDAExtensions.m */ = {isa = PBXFileReference; fileEncoding = 4; lastKnownFileType = sourcecode.c.objc; path = "NSMethodSignature+EDAExtensions.m"; sourceTree = "<group>"; };
		E38ABBCF1C64F6170099B5E6 /* NSNull+EDARuntime.h */ = {isa = PBXFileReference; fileEncoding = 4; lastKnownFileType = sourcecode.c.h; path = "NSNull+EDARuntime.h"; sourceTree = "<group>"; };
		E38ABBD01C64F6170099B5E6 /* NSNull+EDARuntime.m */ = {isa = PBXFileReference; fileEncoding = 4; lastKnownFileType = sourcecode.c.objc; path = "NSNull+EDARuntime.m"; sourceTree = "<group>"; };
		E38ABBD31C64F6170099B5E6 /* NSObject+EDARuntime.h */ = {isa = PBXFileReference; fileEncoding = 4; lastKnownFileType = sourcecode.c.h; path = "NSObject+EDARuntime.h"; sourceTree = "<group>"; };
		E38ABBD41C64F6170099B5E6 /* NSObject+EDARuntime.m */ = {isa = PBXFileReference; fileEncoding = 4; lastKnownFileType = sourcecode.c.objc; path = "NSObject+EDARuntime.m"; sourceTree = "<group>"; };
		E38ABBDA1C64F6170099B5E6 /* EDANetworkManager.h */ = {isa = PBXFileReference; fileEncoding = 4; lastKnownFileType = sourcecode.c.h; path = EDANetworkManager.h; sourceTree = "<group>"; };
		E38ABBDB1C64F6170099B5E6 /* EDANetworkManager.m */ = {isa = PBXFileReference; fileEncoding = 4; lastKnownFileType = sourcecode.c.objc; path = EDANetworkManager.m; sourceTree = "<group>"; };
		E38ABBDE1C64F6170099B5E6 /* EDAData.h */ = {isa = PBXFileReference; fileEncoding = 4; lastKnownFileType = sourcecode.c.h; path = EDAData.h; sourceTree = "<group>"; };
		E38ABBDF1C64F6170099B5E6 /* EDAData.m */ = {isa = PBXFileReference; fileEncoding = 4; lastKnownFileType = sourcecode.c.objc; path = EDAData.m; sourceTree = "<group>"; };
		E38ABBE11C64F6170099B5E6 /* EDANull.h */ = {isa = PBXFileReference; fileEncoding = 4; lastKnownFileType = sourcecode.c.h; path = EDANull.h; sourceTree = "<group>"; };
		E38ABBE21C64F6170099B5E6 /* EDANull.m */ = {isa = PBXFileReference; fileEncoding = 4; lastKnownFileType = sourcecode.c.objc; path = EDANull.m; sourceTree = "<group>"; };
		E38ABBE41C64F6170099B5E6 /* EDAResponse.h */ = {isa = PBXFileReference; fileEncoding = 4; lastKnownFileType = sourcecode.c.h; path = EDAResponse.h; sourceTree = "<group>"; };
		E38ABBE51C64F6170099B5E6 /* EDAResponse.m */ = {isa = PBXFileReference; fileEncoding = 4; lastKnownFileType = sourcecode.c.objc; path = EDAResponse.m; sourceTree = "<group>"; };
		E38ABBE71C64F6170099B5E6 /* EDAResponseLayout.h */ = {isa = PBXFileReference; fileEncoding = 4; lastKnownFileType = sourcecode.c.h; path = EDAResponseLayout.h; sourceTree = "<group>"; };
		E38ABBE81C64F6170099B5E6 /* EDAResponseLayout.m */ = {isa = PBXFileReference; fileEncoding = 4; lastKnownFileType = sourcecode.c.objc; path = EDAResponseLayout.m; sourceTree = "<group>"; };
		E38ABBEA1C64F6170099B5E6 /* EDAResponseMetadata.h */ = {isa = PBXFileReference; fileEncoding = 4; lastKnownFileType = sourcecode.c.h; path = EDAResponseMetadata.h; sourceTree = "<group>"; };
		E38ABBEB1C64F6170099B5E6 /* EDAResponseMetadata.m */ = {isa = PBXFileReference; fileEncoding = 4; lastKnownFileType = sourcecode.c.objc; path = EDAResponseMetadata.m; sourceTree = "<group>"; };
		E38ABBED1C64F6170099B5E6 /* EDAResponseRequestResult.h */ = {isa = PBXFileReference; fileEncoding = 4; lastKnownFileType = sourcecode.c.h; path = EDAResponseRequestResult.h; sourceTree = "<group>"; };
		E38ABBEE1C64F6170099B5E6 /* EDAResponseRequestResult.m */ = {isa = PBXFileReference; fileEncoding = 4; lastKnownFileType = sourcecode.c.objc; path = EDAResponseRequestResult.m; sourceTree = "<group>"; };
		E38ABBF31C64F6170099B5E6 /* EDATableViewCell.h */ = {isa = PBXFileReference; fileEncoding = 4; lastKnownFileType = sourcecode.c.h; path = EDATableViewCell.h; sourceTree = "<group>"; };
		E38ABBF41C64F6170099B5E6 /* EDATableViewCell.m */ = {isa = PBXFileReference; fileEncoding = 4; lastKnownFileType = sourcecode.c.objc; path = EDATableViewCell.m; sourceTree = "<group>"; };
		E38ABBF51C64F6170099B5E6 /* EDATableViewCell.xib */ = {isa = PBXFileReference; fileEncoding = 4; lastKnownFileType = file.xib; path = EDATableViewCell.xib; sourceTree = "<group>"; };
		E38ABBF61C64F6170099B5E6 /* EDAViewController.h */ = {isa = PBXFileReference; fileEncoding = 4; lastKnownFileType = sourcecode.c.h; path = EDAViewController.h; sourceTree = "<group>"; };
		E38ABBF71C64F6170099B5E6 /* EDAViewController.m */ = {isa = PBXFileReference; fileEncoding = 4; lastKnownFileType = sourcecode.c.objc; path = EDAViewController.m; sourceTree = "<group>"; };
		E38CA3101C4E90E20047845A /* NSObject+EDASubclassesTests.m */ = {isa = PBXFileReference; fileEncoding = 4; lastKnownFileType = sourcecode.c.objc; path = "NSObject+EDASubclassesTests.m"; sourceTree = "<group>"; };
		E38E9B591C86D17400BFF9C8 /* EDANetwork.h */ = {isa = PBXFileReference; lastKnownFileType = sourcecode.c.h; path = EDANetwork.h; sourceTree = "<group>"; };
		E38E9B5E1C86D81200BFF9C8 /* NSMutableURLRequest+EDAExtensions.h */ = {isa = PBXFileReference; fileEncoding = 4; lastKnownFileType = sourcecode.c.h; path = "NSMutableURLRequest+EDAExtensions.h"; sourceTree = "<group>"; };
		E38E9B5F1C86D81200BFF9C8 /* NSMutableURLRequest+EDAExtensions.m */ = {isa = PBXFileReference; fileEncoding = 4; lastKnownFileType = sourcecode.c.objc; path = "NSMutableURLRequest+EDAExtensions.m"; sourceTree = "<group>"; };
		E38E9B611C86E70100BFF9C8 /* EDACDefines.h */ = {isa = PBXFileReference; lastKnownFileType = sourcecode.c.h; path = EDACDefines.h; sourceTree = "<group>"; };
		E38E9B641C872EE100BFF9C8 /* EDAAPIKeys.h */ = {isa = PBXFileReference; lastKnownFileType = sourcecode.c.h; path = EDAAPIKeys.h; sourceTree = "<group>"; };
		E38E9B661C874A4600BFF9C8 /* UITableView+EDAExtensions.h */ = {isa = PBXFileReference; fileEncoding = 4; lastKnownFileType = sourcecode.c.h; path = "UITableView+EDAExtensions.h"; sourceTree = "<group>"; };
		E38E9B671C874A4600BFF9C8 /* UITableView+EDAExtensions.m */ = {isa = PBXFileReference; fileEncoding = 4; lastKnownFileType = sourcecode.c.objc; path = "UITableView+EDAExtensions.m"; sourceTree = "<group>"; };
		E394C4E21C84452800B45EF2 /* NSString+EDAExtensions.h */ = {isa = PBXFileReference; fileEncoding = 4; lastKnownFileType = sourcecode.c.h; path = "NSString+EDAExtensions.h"; sourceTree = "<group>"; };
		E394C4E31C84452800B45EF2 /* NSString+EDAExtensions.m */ = {isa = PBXFileReference; fileEncoding = 4; lastKnownFileType = sourcecode.c.objc; path = "NSString+EDAExtensions.m"; sourceTree = "<group>"; };
		E39A0C8B1C7353F8009DE563 /* CFNetwork.framework */ = {isa = PBXFileReference; lastKnownFileType = wrapper.framework; name = CFNetwork.framework; path = System/Library/Frameworks/CFNetwork.framework; sourceTree = SDKROOT; };
		E39A0C8E1C735682009DE563 /* NSError+EDAExtensions.h */ = {isa = PBXFileReference; fileEncoding = 4; lastKnownFileType = sourcecode.c.h; path = "NSError+EDAExtensions.h"; sourceTree = "<group>"; };
		E39A0C8F1C735682009DE563 /* NSError+EDAExtensions.m */ = {isa = PBXFileReference; fileEncoding = 4; lastKnownFileType = sourcecode.c.objc; path = "NSError+EDAExtensions.m"; sourceTree = "<group>"; };
		E39A0C921C735AFF009DE563 /* UIViewController+EDAAlert.h */ = {isa = PBXFileReference; fileEncoding = 4; lastKnownFileType = sourcecode.c.h; path = "UIViewController+EDAAlert.h"; sourceTree = "<group>"; };
		E39A0C931C735AFF009DE563 /* UIViewController+EDAAlert.m */ = {isa = PBXFileReference; fileEncoding = 4; lastKnownFileType = sourcecode.c.objc; path = "UIViewController+EDAAlert.m"; sourceTree = "<group>"; };
		E39D19541C560A8200A0D3E9 /* EDANullTests.m */ = {isa = PBXFileReference; fileEncoding = 4; lastKnownFileType = sourcecode.c.objc; path = EDANullTests.m; sourceTree = "<group>"; };
		E39D4FFA1C4F8E7900333F57 /* NSNullTests.m */ = {isa = PBXFileReference; fileEncoding = 4; lastKnownFileType = sourcecode.c.objc; path = NSNullTests.m; sourceTree = "<group>"; };
		E3CD77C41C478A020047446F /* EDANSJSONSerializationTest.m */ = {isa = PBXFileReference; fileEncoding = 4; lastKnownFileType = sourcecode.c.objc; name = EDANSJSONSerializationTest.m; path = NSJSONSerializationTests/EDANSJSONSerializationTest.m; sourceTree = "<group>"; };
/* End PBXFileReference section */

/* Begin PBXFrameworksBuildPhase section */
		E382E3871C3A914A009059BA /* Frameworks */ = {
			isa = PBXFrameworksBuildPhase;
			buildActionMask = 2147483647;
			files = (
				E39A0C8C1C7353F8009DE563 /* CFNetwork.framework in Frameworks */,
			);
			runOnlyForDeploymentPostprocessing = 0;
		};
		E382E3A01C3A914A009059BA /* Frameworks */ = {
			isa = PBXFrameworksBuildPhase;
			buildActionMask = 2147483647;
			files = (
				BD0D99FD77733AD1B625CDF0 /* libPods-EducationTestAppTests.a in Frameworks */,
			);
			runOnlyForDeploymentPostprocessing = 0;
		};
/* End PBXFrameworksBuildPhase section */

/* Begin PBXGroup section */
		0BB8A82F6693B6363978EBBC /* Pods */ = {
			isa = PBXGroup;
			children = (
				9807A9D839318F44F9422E71 /* Pods-EducationTestAppTests.debug.xcconfig */,
				4A37D27B320CCC8B8857B137 /* Pods-EducationTestAppTests.release.xcconfig */,
			);
			name = Pods;
			sourceTree = "<group>";
		};
		C48BF66C8C67E97450071001 /* Frameworks */ = {
			isa = PBXGroup;
			children = (
				AA78F819537D062122AF15D3 /* libPods-EducationTestAppTests.a */,
			);
			name = Frameworks;
			sourceTree = "<group>";
		};
		E382E3811C3A914A009059BA = {
			isa = PBXGroup;
			children = (
				E39A0C8B1C7353F8009DE563 /* CFNetwork.framework */,
				E38ABBBA1C64F60F0099B5E6 /* EducationTestApp */,
				E38ABB6B1C64E9930099B5E6 /* Resources */,
				E38ABBC21C64F6170099B5E6 /* Sources */,
				E382E3A61C3A914A009059BA /* EducationTestAppTests */,
				E382E3B11C3A914A009059BA /* EducationTestAppUITests */,
				E382E38B1C3A914A009059BA /* Products */,
				0BB8A82F6693B6363978EBBC /* Pods */,
				C48BF66C8C67E97450071001 /* Frameworks */,
			);
			sourceTree = "<group>";
		};
		E382E38B1C3A914A009059BA /* Products */ = {
			isa = PBXGroup;
			children = (
				E382E38A1C3A914A009059BA /* EducationTestApp.app */,
				E382E3A31C3A914A009059BA /* EducationTestAppTests.xctest */,
			);
			name = Products;
			sourceTree = "<group>";
		};
		E382E3A61C3A914A009059BA /* EducationTestAppTests */ = {
			isa = PBXGroup;
			children = (
				E38A02C21C8889E500566E0E /* EDAObservingTests */,
				E38942351C622371007C1E6A /* MockObjects */,
				E39D4FF91C4F8E6000333F57 /* NSNullTests */,
				E39D19531C560A8200A0D3E9 /* EDANullTests */,
				E38CA30F1C4E90BA0047845A /* NSObject */,
				E3CD77C31C4787880047446F /* NSJSONSerializationTests */,
				E38A16551C6CA62200ABC9EA /* EDANetwork */,
				E385CACA1C7499F1000197DB /* EDADataManagerTests */,
				E382E3A71C3A914A009059BA /* EducationTestAppTests.m */,
				E382E3A91C3A914A009059BA /* Info.plist */,
				E382C6011C3BB74A0006F1C1 /* EDATestAPI.h */,
				E382E3D31C3AA80D009059BA /* EDADataTests.m */,
				E382E3E71C3AB401009059BA /* EDAResponseRequestResultTests.m */,
				E382E3EF1C3ABA63009059BA /* EDAResponseLayoutTests.m */,
				E382E3F11C3ABF40009059BA /* EDAResponseMetadataTests.m */,
				E382C5FF1C3BB4C40006F1C1 /* EDAResponseTests.m */,
			);
			path = EducationTestAppTests;
			sourceTree = "<group>";
		};
		E382E3B11C3A914A009059BA /* EducationTestAppUITests */ = {
			isa = PBXGroup;
			children = (
				E382E3B21C3A914A009059BA /* EducationTestAppUITests.m */,
				E382E3B41C3A914A009059BA /* Info.plist */,
			);
			path = EducationTestAppUITests;
			sourceTree = "<group>";
		};
		E385CAC51C7499BB000197DB /* EDADataManager */ = {
			isa = PBXGroup;
			children = (
				E385CAC61C7499BB000197DB /* EDADataManager.h */,
				E385CAC71C7499BB000197DB /* EDADataManager.m */,
			);
			path = EDADataManager;
			sourceTree = "<group>";
		};
		E385CACA1C7499F1000197DB /* EDADataManagerTests */ = {
			isa = PBXGroup;
			children = (
				E385CACB1C7499F1000197DB /* EDADataManagerTests.m */,
			);
			path = EDADataManagerTests;
			sourceTree = "<group>";
		};
		E388F3441C898D1E00B9CF61 /* NSLock */ = {
			isa = PBXGroup;
			children = (
				E388F3451C898D6300B9CF61 /* EDALocking.h */,
				E31448571C8D7133007A69AD /* EDALocking.m */,
			);
			path = NSLock;
			sourceTree = "<group>";
		};
		E388F3461C89C75D00B9CF61 /* Utilities */ = {
			isa = PBXGroup;
			children = (
				E388F3471C89C75D00B9CF61 /* EDAMacros */,
			);
			path = Utilities;
			sourceTree = "<group>";
		};
		E388F3471C89C75D00B9CF61 /* EDAMacros */ = {
			isa = PBXGroup;
			children = (
				E388F3481C89C75D00B9CF61 /* EDABlockMacros */,
				E388F3491C89C75D00B9CF61 /* EDAReturnMacros */,
			);
			path = EDAMacros;
			sourceTree = "<group>";
		};
		E388F3481C89C75D00B9CF61 /* EDABlockMacros */ = {
			isa = PBXGroup;
			children = (
				E314485A1C8D7372007A69AD /* EDABlockMacros.h */,
			);
			path = EDABlockMacros;
			sourceTree = "<group>";
		};
		E388F3491C89C75D00B9CF61 /* EDAReturnMacros */ = {
			isa = PBXGroup;
			children = (
				E31448591C8D7187007A69AD /* EDAReturnMacros.h */,
			);
			path = EDAReturnMacros;
			sourceTree = "<group>";
		};
		E38942351C622371007C1E6A /* MockObjects */ = {
			isa = PBXGroup;
			children = (
				E389423A1C622415007C1E6A /* EDAMock */,
				E38942361C622371007C1E6A /* EDAImp */,
			);
			path = MockObjects;
			sourceTree = "<group>";
		};
		E38942361C622371007C1E6A /* EDAImp */ = {
			isa = PBXGroup;
			children = (
				E38942371C622371007C1E6A /* EDAImp.h */,
				E38942381C622371007C1E6A /* EDAImp.m */,
			);
			path = EDAImp;
			sourceTree = "<group>";
		};
		E389423A1C622415007C1E6A /* EDAMock */ = {
			isa = PBXGroup;
			children = (
				E389423B1C622424007C1E6A /* EDAMock.h */,
				E389423C1C622424007C1E6A /* EDAMock.m */,
			);
			path = EDAMock;
			sourceTree = "<group>";
		};
		E38A02BA1C88869C00566E0E /* NSURLSession */ = {
			isa = PBXGroup;
			children = (
				E38A02BB1C88869C00566E0E /* NSURLSession+EDAExtensions.h */,
				E38A02BC1C88869C00566E0E /* NSURLSession+EDAExtensions.m */,
			);
			path = NSURLSession;
			sourceTree = "<group>";
		};
		E38A02BE1C88897200566E0E /* EDAObservableObject */ = {
			isa = PBXGroup;
			children = (
				E38A02BF1C88898800566E0E /* EDAObservableObject.h */,
				E38A02C01C88898800566E0E /* EDAObservableObject.m */,
				E3836FC01C88A208002CD62D /* EDAObserver.h */,
				E3836FC11C88A208002CD62D /* EDAObserver.m */,
			);
			path = EDAObservableObject;
			sourceTree = "<group>";
		};
		E38A02C21C8889E500566E0E /* EDAObservingTests */ = {
			isa = PBXGroup;
			children = (
				E38A02C31C888A0700566E0E /* EDAObservableObjectSpec.m */,
				E314485B1C8DA928007A69AD /* EDAObserverSpec.m */,
			);
			path = EDAObservingTests;
			sourceTree = "<group>";
		};
		E38A16551C6CA62200ABC9EA /* EDANetwork */ = {
			isa = PBXGroup;
			children = (
				E38A16561C6CA62200ABC9EA /* EDAURLRequestTests.m */,
			);
			path = EDANetwork;
			sourceTree = "<group>";
		};
		E38A16651C6CBCFE00ABC9EA /* NSURLSessionTask */ = {
			isa = PBXGroup;
			children = (
				E38A16661C6CBD1C00ABC9EA /* NSURLSessionTask+EDAExtensions.h */,
				E38A16671C6CBD1C00ABC9EA /* NSURLSessionTask+EDAExtensions.m */,
			);
			path = NSURLSessionTask;
			sourceTree = "<group>";
		};
		E38A5A791C69D9EE00AC03ED /* EDADataModel */ = {
			isa = PBXGroup;
			children = (
				E38A5A7A1C69D9FD00AC03ED /* EDADataModel.h */,
				E38A5A7B1C69D9FD00AC03ED /* EDADataModel.m */,
			);
			path = EDADataModel;
			sourceTree = "<group>";
		};
		E38A5A881C6A20C000AC03ED /* EDAURLRequests */ = {
			isa = PBXGroup;
			children = (
				E38A5A891C6A20C000AC03ED /* EDAURLRequest.h */,
				E38A5A8A1C6A20C000AC03ED /* EDAURLRequest.m */,
				E38A5A8D1C6A238C00AC03ED /* EDARecordInfoRequest.h */,
				E38A5A8E1C6A238C00AC03ED /* EDARecordInfoRequest.m */,
				E38A5A911C6A2B8800AC03ED /* EDARecordsListRequest.h */,
				E38A5A921C6A2B8800AC03ED /* EDARecordsListRequest.m */,
			);
			path = EDAURLRequests;
			sourceTree = "<group>";
		};
		E38ABB6B1C64E9930099B5E6 /* Resources */ = {
			isa = PBXGroup;
			children = (
				E38ABB6C1C64E9930099B5E6 /* Assets.xcassets */,
				E38ABB6D1C64E9930099B5E6 /* LaunchScreen.storyboard */,
				E38ABB6F1C64E9930099B5E6 /* Main.storyboard */,
			);
			path = Resources;
			sourceTree = "<group>";
		};
		E38ABBBA1C64F60F0099B5E6 /* EducationTestApp */ = {
			isa = PBXGroup;
			children = (
				E38ABBBB1C64F60F0099B5E6 /* EDAAppDelegate.h */,
				E38ABBBC1C64F60F0099B5E6 /* EDAAppDelegate.m */,
				E38ABBBD1C64F60F0099B5E6 /* Info.plist */,
				E38ABBBE1C64F60F0099B5E6 /* main.m */,
			);
			path = EducationTestApp;
			sourceTree = "<group>";
		};
		E38ABBC21C64F6170099B5E6 /* Sources */ = {
			isa = PBXGroup;
			children = (
				E38ABBC31C64F6170099B5E6 /* Library */,
				E38ABBDC1C64F6170099B5E6 /* Models */,
				E38ABBEF1C64F6170099B5E6 /* UI */,
				E388F3461C89C75D00B9CF61 /* Utilities */,
			);
			path = Sources;
			sourceTree = "<group>";
		};
		E38ABBC31C64F6170099B5E6 /* Library */ = {
			isa = PBXGroup;
			children = (
				E385E97E1C7752F000E7849C /* EDADispatch.h */,
				E38E9B591C86D17400BFF9C8 /* EDANetwork.h */,
				E388F34A1C89C7C400B9CF61 /* EDANetwork.m */,
				E38E9B611C86E70100BFF9C8 /* EDACDefines.h */,
				E38E9B641C872EE100BFF9C8 /* EDAAPIKeys.h */,
				E38ABBC41C64F6170099B5E6 /* Categories */,
				E38ABBD51C64F6170099B5E6 /* Managers */,
			);
			path = Library;
			sourceTree = "<group>";
		};
		E38ABBC41C64F6170099B5E6 /* Categories */ = {
			isa = PBXGroup;
			children = (
				E388F3441C898D1E00B9CF61 /* NSLock */,
				E38E9B651C874A2F00BFF9C8 /* UITableView */,
				E38E9B5A1C86D7CA00BFF9C8 /* NSMutableURLRequest */,
				E39A0C911C735AE8009DE563 /* UIViewController */,
				E39A0C8D1C735663009DE563 /* NSError */,
				E38A02BA1C88869C00566E0E /* NSURLSession */,
				E38A16651C6CBCFE00ABC9EA /* NSURLSessionTask */,
				E38ABBC51C64F6170099B5E6 /* NSArray */,
				E38ABBC91C64F6170099B5E6 /* NSMethodSignature */,
				E38ABBCD1C64F6170099B5E6 /* NSNull */,
				E38ABBD11C64F6170099B5E6 /* NSObject */,
				E394C4E21C84452800B45EF2 /* NSString+EDAExtensions.h */,
				E394C4E31C84452800B45EF2 /* NSString+EDAExtensions.m */,
			);
			path = Categories;
			sourceTree = "<group>";
		};
		E38ABBC51C64F6170099B5E6 /* NSArray */ = {
			isa = PBXGroup;
			children = (
				E38ABBC61C64F6170099B5E6 /* EDAExtensions */,
			);
			path = NSArray;
			sourceTree = "<group>";
		};
		E38ABBC61C64F6170099B5E6 /* EDAExtensions */ = {
			isa = PBXGroup;
			children = (
				E38ABBC71C64F6170099B5E6 /* NSArray+EDAExtensions.h */,
				E38ABBC81C64F6170099B5E6 /* NSArray+EDAExtentions.m */,
			);
			path = EDAExtensions;
			sourceTree = "<group>";
		};
		E38ABBC91C64F6170099B5E6 /* NSMethodSignature */ = {
			isa = PBXGroup;
			children = (
				E38ABBCA1C64F6170099B5E6 /* EDAExtensions */,
			);
			path = NSMethodSignature;
			sourceTree = "<group>";
		};
		E38ABBCA1C64F6170099B5E6 /* EDAExtensions */ = {
			isa = PBXGroup;
			children = (
				E38ABBCB1C64F6170099B5E6 /* NSMethodSignature+EDAExtensions.h */,
				E38ABBCC1C64F6170099B5E6 /* NSMethodSignature+EDAExtensions.m */,
			);
			path = EDAExtensions;
			sourceTree = "<group>";
		};
		E38ABBCD1C64F6170099B5E6 /* NSNull */ = {
			isa = PBXGroup;
			children = (
				E38ABBCE1C64F6170099B5E6 /* EDARuntime */,
			);
			path = NSNull;
			sourceTree = "<group>";
		};
		E38ABBCE1C64F6170099B5E6 /* EDARuntime */ = {
			isa = PBXGroup;
			children = (
				E38ABBCF1C64F6170099B5E6 /* NSNull+EDARuntime.h */,
				E38ABBD01C64F6170099B5E6 /* NSNull+EDARuntime.m */,
			);
			path = EDARuntime;
			sourceTree = "<group>";
		};
		E38ABBD11C64F6170099B5E6 /* NSObject */ = {
			isa = PBXGroup;
			children = (
				E38ABBD21C64F6170099B5E6 /* EDARuntime */,
			);
			path = NSObject;
			sourceTree = "<group>";
		};
		E38ABBD21C64F6170099B5E6 /* EDARuntime */ = {
			isa = PBXGroup;
			children = (
				E38ABBD31C64F6170099B5E6 /* NSObject+EDARuntime.h */,
				E38ABBD41C64F6170099B5E6 /* NSObject+EDARuntime.m */,
			);
			path = EDARuntime;
			sourceTree = "<group>";
		};
		E38ABBD51C64F6170099B5E6 /* Managers */ = {
			isa = PBXGroup;
			children = (
				E38ABBD91C64F6170099B5E6 /* EDANetworkManager */,
			);
			path = Managers;
			sourceTree = "<group>";
		};
		E38ABBD91C64F6170099B5E6 /* EDANetworkManager */ = {
			isa = PBXGroup;
			children = (
				E38ABBDA1C64F6170099B5E6 /* EDANetworkManager.h */,
				E38ABBDB1C64F6170099B5E6 /* EDANetworkManager.m */,
			);
			path = EDANetworkManager;
			sourceTree = "<group>";
		};
		E38ABBDC1C64F6170099B5E6 /* Models */ = {
			isa = PBXGroup;
			children = (
				E38A02BE1C88897200566E0E /* EDAObservableObject */,
				E385CAC51C7499BB000197DB /* EDADataManager */,
				E38A5A881C6A20C000AC03ED /* EDAURLRequests */,
				E38ABBE01C64F6170099B5E6 /* EDANull */,
				E38ABBDD1C64F6170099B5E6 /* EDAData */,
				E38A5A791C69D9EE00AC03ED /* EDADataModel */,
				E38ABBE31C64F6170099B5E6 /* EDAResponse */,
				E38ABBE61C64F6170099B5E6 /* EDAResponseLayout */,
				E38ABBE91C64F6170099B5E6 /* EDAResponseMetadata */,
				E38ABBEC1C64F6170099B5E6 /* EDAResponseRequestResult */,
			);
			path = Models;
			sourceTree = "<group>";
		};
		E38ABBDD1C64F6170099B5E6 /* EDAData */ = {
			isa = PBXGroup;
			children = (
				E38ABBDE1C64F6170099B5E6 /* EDAData.h */,
				E38ABBDF1C64F6170099B5E6 /* EDAData.m */,
			);
			path = EDAData;
			sourceTree = "<group>";
		};
		E38ABBE01C64F6170099B5E6 /* EDANull */ = {
			isa = PBXGroup;
			children = (
				E38ABBE11C64F6170099B5E6 /* EDANull.h */,
				E38ABBE21C64F6170099B5E6 /* EDANull.m */,
			);
			path = EDANull;
			sourceTree = "<group>";
		};
		E38ABBE31C64F6170099B5E6 /* EDAResponse */ = {
			isa = PBXGroup;
			children = (
				E38ABBE41C64F6170099B5E6 /* EDAResponse.h */,
				E38ABBE51C64F6170099B5E6 /* EDAResponse.m */,
			);
			path = EDAResponse;
			sourceTree = "<group>";
		};
		E38ABBE61C64F6170099B5E6 /* EDAResponseLayout */ = {
			isa = PBXGroup;
			children = (
				E38ABBE71C64F6170099B5E6 /* EDAResponseLayout.h */,
				E38ABBE81C64F6170099B5E6 /* EDAResponseLayout.m */,
			);
			path = EDAResponseLayout;
			sourceTree = "<group>";
		};
		E38ABBE91C64F6170099B5E6 /* EDAResponseMetadata */ = {
			isa = PBXGroup;
			children = (
				E38ABBEA1C64F6170099B5E6 /* EDAResponseMetadata.h */,
				E38ABBEB1C64F6170099B5E6 /* EDAResponseMetadata.m */,
			);
			path = EDAResponseMetadata;
			sourceTree = "<group>";
		};
		E38ABBEC1C64F6170099B5E6 /* EDAResponseRequestResult */ = {
			isa = PBXGroup;
			children = (
				E38ABBED1C64F6170099B5E6 /* EDAResponseRequestResult.h */,
				E38ABBEE1C64F6170099B5E6 /* EDAResponseRequestResult.m */,
			);
			path = EDAResponseRequestResult;
			sourceTree = "<group>";
		};
		E38ABBEF1C64F6170099B5E6 /* UI */ = {
			isa = PBXGroup;
			children = (
				E38ABBF01C64F6170099B5E6 /* Controllers */,
				E38ABBF81C64F6170099B5E6 /* Views */,
			);
			path = UI;
			sourceTree = "<group>";
		};
		E38ABBF01C64F6170099B5E6 /* Controllers */ = {
			isa = PBXGroup;
			children = (
				E38ABBF11C64F6170099B5E6 /* EDAViewController */,
			);
			path = Controllers;
			sourceTree = "<group>";
		};
		E38ABBF11C64F6170099B5E6 /* EDAViewController */ = {
			isa = PBXGroup;
			children = (
				E38ABBF21C64F6170099B5E6 /* Cells */,
				E38ABBF61C64F6170099B5E6 /* EDAViewController.h */,
				E38ABBF71C64F6170099B5E6 /* EDAViewController.m */,
			);
			path = EDAViewController;
			sourceTree = "<group>";
		};
		E38ABBF21C64F6170099B5E6 /* Cells */ = {
			isa = PBXGroup;
			children = (
				E38ABBF31C64F6170099B5E6 /* EDATableViewCell.h */,
				E38ABBF41C64F6170099B5E6 /* EDATableViewCell.m */,
				E38ABBF51C64F6170099B5E6 /* EDATableViewCell.xib */,
			);
			path = Cells;
			sourceTree = "<group>";
		};
		E38ABBF81C64F6170099B5E6 /* Views */ = {
			isa = PBXGroup;
			children = (
			);
			path = Views;
			sourceTree = "<group>";
		};
		E38CA30F1C4E90BA0047845A /* NSObject */ = {
			isa = PBXGroup;
			children = (
				E38CA3101C4E90E20047845A /* NSObject+EDASubclassesTests.m */,
				E389423E1C6228A2007C1E6A /* NSObject+EDACustomClassesTests.m */,
			);
			path = NSObject;
			sourceTree = "<group>";
		};
		E38E9B5A1C86D7CA00BFF9C8 /* NSMutableURLRequest */ = {
			isa = PBXGroup;
			children = (
				E38E9B5E1C86D81200BFF9C8 /* NSMutableURLRequest+EDAExtensions.h */,
				E38E9B5F1C86D81200BFF9C8 /* NSMutableURLRequest+EDAExtensions.m */,
			);
			path = NSMutableURLRequest;
			sourceTree = "<group>";
		};
		E38E9B651C874A2F00BFF9C8 /* UITableView */ = {
			isa = PBXGroup;
			children = (
				E38E9B661C874A4600BFF9C8 /* UITableView+EDAExtensions.h */,
				E38E9B671C874A4600BFF9C8 /* UITableView+EDAExtensions.m */,
			);
			path = UITableView;
			sourceTree = "<group>";
		};
		E39A0C8D1C735663009DE563 /* NSError */ = {
			isa = PBXGroup;
			children = (
				E39A0C8E1C735682009DE563 /* NSError+EDAExtensions.h */,
				E39A0C8F1C735682009DE563 /* NSError+EDAExtensions.m */,
			);
			path = NSError;
			sourceTree = "<group>";
		};
		E39A0C911C735AE8009DE563 /* UIViewController */ = {
			isa = PBXGroup;
			children = (
				E39A0C921C735AFF009DE563 /* UIViewController+EDAAlert.h */,
				E39A0C931C735AFF009DE563 /* UIViewController+EDAAlert.m */,
			);
			path = UIViewController;
			sourceTree = "<group>";
		};
		E39D19531C560A8200A0D3E9 /* EDANullTests */ = {
			isa = PBXGroup;
			children = (
				E39D19541C560A8200A0D3E9 /* EDANullTests.m */,
			);
			path = EDANullTests;
			sourceTree = "<group>";
		};
		E39D4FF91C4F8E6000333F57 /* NSNullTests */ = {
			isa = PBXGroup;
			children = (
				E39D4FFA1C4F8E7900333F57 /* NSNullTests.m */,
			);
			name = NSNullTests;
			path = NSNull;
			sourceTree = "<group>";
		};
		E3CD77C31C4787880047446F /* NSJSONSerializationTests */ = {
			isa = PBXGroup;
			children = (
				E3CD77C41C478A020047446F /* EDANSJSONSerializationTest.m */,
			);
			name = NSJSONSerializationTests;
			sourceTree = "<group>";
		};
/* End PBXGroup section */

/* Begin PBXNativeTarget section */
		E382E3891C3A914A009059BA /* EducationTestApp */ = {
			isa = PBXNativeTarget;
			buildConfigurationList = E382E3B71C3A914A009059BA /* Build configuration list for PBXNativeTarget "EducationTestApp" */;
			buildPhases = (
				E382E3861C3A914A009059BA /* Sources */,
				E382E3871C3A914A009059BA /* Frameworks */,
				E382E3881C3A914A009059BA /* Resources */,
			);
			buildRules = (
			);
			dependencies = (
			);
			name = EducationTestApp;
			productName = EducationTestApp;
			productReference = E382E38A1C3A914A009059BA /* EducationTestApp.app */;
			productType = "com.apple.product-type.application";
		};
		E382E3A21C3A914A009059BA /* EducationTestAppTests */ = {
			isa = PBXNativeTarget;
			buildConfigurationList = E382E3BA1C3A914A009059BA /* Build configuration list for PBXNativeTarget "EducationTestAppTests" */;
			buildPhases = (
				DB699CFF932425B70FFA92FE /* Check Pods Manifest.lock */,
				E382E39F1C3A914A009059BA /* Sources */,
				E382E3A01C3A914A009059BA /* Frameworks */,
				E382E3A11C3A914A009059BA /* Resources */,
				29C1C45287059E1D8AFCCB2E /* Embed Pods Frameworks */,
				2E17890EDC54FCCD49A795EB /* Copy Pods Resources */,
			);
			buildRules = (
			);
			dependencies = (
				E382E3A51C3A914A009059BA /* PBXTargetDependency */,
			);
			name = EducationTestAppTests;
			productName = EducationTestAppTests;
			productReference = E382E3A31C3A914A009059BA /* EducationTestAppTests.xctest */;
			productType = "com.apple.product-type.bundle.unit-test";
		};
/* End PBXNativeTarget section */

/* Begin PBXProject section */
		E382E3821C3A914A009059BA /* Project object */ = {
			isa = PBXProject;
			attributes = {
				CLASSPREFIX = EDA;
				LastUpgradeCheck = 0720;
				ORGANIZATIONNAME = "Voropaev Vitali";
				TargetAttributes = {
					E382E3891C3A914A009059BA = {
						CreatedOnToolsVersion = 7.2;
					};
					E382E3A21C3A914A009059BA = {
						CreatedOnToolsVersion = 7.2;
						TestTargetID = E382E3891C3A914A009059BA;
					};
				};
			};
			buildConfigurationList = E382E3851C3A914A009059BA /* Build configuration list for PBXProject "EducationTestApp" */;
			compatibilityVersion = "Xcode 3.2";
			developmentRegion = English;
			hasScannedForEncodings = 0;
			knownRegions = (
				en,
				Base,
			);
			mainGroup = E382E3811C3A914A009059BA;
			productRefGroup = E382E38B1C3A914A009059BA /* Products */;
			projectDirPath = "";
			projectRoot = "";
			targets = (
				E382E3891C3A914A009059BA /* EducationTestApp */,
				E382E3A21C3A914A009059BA /* EducationTestAppTests */,
			);
		};
/* End PBXProject section */

/* Begin PBXResourcesBuildPhase section */
		E382E3881C3A914A009059BA /* Resources */ = {
			isa = PBXResourcesBuildPhase;
			buildActionMask = 2147483647;
			files = (
				E38ABC061C64F6170099B5E6 /* EDATableViewCell.xib in Resources */,
				E38ABBA81C64E9930099B5E6 /* LaunchScreen.storyboard in Resources */,
				E38ABBA71C64E9930099B5E6 /* Assets.xcassets in Resources */,
				E38ABBA91C64E9930099B5E6 /* Main.storyboard in Resources */,
			);
			runOnlyForDeploymentPostprocessing = 0;
		};
		E382E3A11C3A914A009059BA /* Resources */ = {
			isa = PBXResourcesBuildPhase;
			buildActionMask = 2147483647;
			files = (
			);
			runOnlyForDeploymentPostprocessing = 0;
		};
/* End PBXResourcesBuildPhase section */

/* Begin PBXShellScriptBuildPhase section */
		29C1C45287059E1D8AFCCB2E /* Embed Pods Frameworks */ = {
			isa = PBXShellScriptBuildPhase;
			buildActionMask = 2147483647;
			files = (
			);
			inputPaths = (
			);
			name = "Embed Pods Frameworks";
			outputPaths = (
			);
			runOnlyForDeploymentPostprocessing = 0;
			shellPath = /bin/sh;
			shellScript = "\"${SRCROOT}/Pods/Target Support Files/Pods-EducationTestAppTests/Pods-EducationTestAppTests-frameworks.sh\"\n";
			showEnvVarsInLog = 0;
		};
		2E17890EDC54FCCD49A795EB /* Copy Pods Resources */ = {
			isa = PBXShellScriptBuildPhase;
			buildActionMask = 2147483647;
			files = (
			);
			inputPaths = (
			);
			name = "Copy Pods Resources";
			outputPaths = (
			);
			runOnlyForDeploymentPostprocessing = 0;
			shellPath = /bin/sh;
			shellScript = "\"${SRCROOT}/Pods/Target Support Files/Pods-EducationTestAppTests/Pods-EducationTestAppTests-resources.sh\"\n";
			showEnvVarsInLog = 0;
		};
		DB699CFF932425B70FFA92FE /* Check Pods Manifest.lock */ = {
			isa = PBXShellScriptBuildPhase;
			buildActionMask = 2147483647;
			files = (
			);
			inputPaths = (
			);
			name = "Check Pods Manifest.lock";
			outputPaths = (
			);
			runOnlyForDeploymentPostprocessing = 0;
			shellPath = /bin/sh;
			shellScript = "diff \"${PODS_ROOT}/../Podfile.lock\" \"${PODS_ROOT}/Manifest.lock\" > /dev/null\nif [[ $? != 0 ]] ; then\n    cat << EOM\nerror: The sandbox is not in sync with the Podfile.lock. Run 'pod install' or update your CocoaPods installation.\nEOM\n    exit 1\nfi\n";
			showEnvVarsInLog = 0;
		};
/* End PBXShellScriptBuildPhase section */

/* Begin PBXSourcesBuildPhase section */
		E382E3861C3A914A009059BA /* Sources */ = {
			isa = PBXSourcesBuildPhase;
			buildActionMask = 2147483647;
			files = (
				E38A02BD1C88869C00566E0E /* NSURLSession+EDAExtensions.m in Sources */,
				E38ABBC11C64F60F0099B5E6 /* main.m in Sources */,
				E38ABC051C64F6170099B5E6 /* EDATableViewCell.m in Sources */,
				E38ABBFF1C64F6170099B5E6 /* EDAData.m in Sources */,
				E38ABC011C64F6170099B5E6 /* EDAResponse.m in Sources */,
				E38ABBFB1C64F6170099B5E6 /* NSNull+EDARuntime.m in Sources */,
				E38A5A7C1C69D9FD00AC03ED /* EDADataModel.m in Sources */,
				E38E9B601C86D81200BFF9C8 /* NSMutableURLRequest+EDAExtensions.m in Sources */,
				E38A02C11C88898800566E0E /* EDAObservableObject.m in Sources */,
				E38A5A931C6A2B8800AC03ED /* EDARecordsListRequest.m in Sources */,
				E38ABBBF1C64F60F0099B5E6 /* EDAAppDelegate.m in Sources */,
				E38ABC071C64F6170099B5E6 /* EDAViewController.m in Sources */,
				E38ABC041C64F6170099B5E6 /* EDAResponseRequestResult.m in Sources */,
				E38A5A8B1C6A20C000AC03ED /* EDAURLRequest.m in Sources */,
				E38ABBFC1C64F6170099B5E6 /* NSObject+EDARuntime.m in Sources */,
				E38A5A8F1C6A238C00AC03ED /* EDARecordInfoRequest.m in Sources */,
				E38ABC001C64F6170099B5E6 /* EDANull.m in Sources */,
				E39A0C941C735AFF009DE563 /* UIViewController+EDAAlert.m in Sources */,
				E394C4E41C84452800B45EF2 /* NSString+EDAExtensions.m in Sources */,
				E38ABC021C64F6170099B5E6 /* EDAResponseLayout.m in Sources */,
				E385CAC81C7499BB000197DB /* EDADataManager.m in Sources */,
				E38ABC031C64F6170099B5E6 /* EDAResponseMetadata.m in Sources */,
				E38ABBF91C64F6170099B5E6 /* NSArray+EDAExtentions.m in Sources */,
				E388F34B1C89C7C400B9CF61 /* EDANetwork.m in Sources */,
				E39A0C901C735682009DE563 /* NSError+EDAExtensions.m in Sources */,
				E38E9B681C874A4600BFF9C8 /* UITableView+EDAExtensions.m in Sources */,
				E31448581C8D7133007A69AD /* EDALocking.m in Sources */,
				E38A16681C6CBD1C00ABC9EA /* NSURLSessionTask+EDAExtensions.m in Sources */,
				E3836FC21C88A208002CD62D /* EDAObserver.m in Sources */,
				E38ABBFA1C64F6170099B5E6 /* NSMethodSignature+EDAExtensions.m in Sources */,
			);
			runOnlyForDeploymentPostprocessing = 0;
		};
		E382E39F1C3A914A009059BA /* Sources */ = {
			isa = PBXSourcesBuildPhase;
			buildActionMask = 2147483647;
			files = (
				E38A5A8C1C6A20C000AC03ED /* EDAURLRequest.m in Sources */,
				E385CAC91C7499CB000197DB /* EDADataManager.m in Sources */,
				E382E3D41C3AA80D009059BA /* EDADataTests.m in Sources */,
				E38CA3111C4E90E20047845A /* NSObject+EDASubclassesTests.m in Sources */,
				E38A02C41C888A0700566E0E /* EDAObservableObjectSpec.m in Sources */,
				E385CACC1C7499F1000197DB /* EDADataManagerTests.m in Sources */,
				E38A5A941C6A2B8800AC03ED /* EDARecordsListRequest.m in Sources */,
				E3CD77C51C478A020047446F /* EDANSJSONSerializationTest.m in Sources */,
				E382E3F21C3ABF40009059BA /* EDAResponseMetadataTests.m in Sources */,
				E382E3F01C3ABA63009059BA /* EDAResponseLayoutTests.m in Sources */,
				E38942391C622371007C1E6A /* EDAImp.m in Sources */,
				E39D4FFB1C4F8E7900333F57 /* NSNullTests.m in Sources */,
				E38A16571C6CA62200ABC9EA /* EDAURLRequestTests.m in Sources */,
				E382E3A81C3A914A009059BA /* EducationTestAppTests.m in Sources */,
				E39D19551C560A8200A0D3E9 /* EDANullTests.m in Sources */,
				E389423F1C6228A2007C1E6A /* NSObject+EDACustomClassesTests.m in Sources */,
				E389423D1C622424007C1E6A /* EDAMock.m in Sources */,
				E38A16691C6CBD1C00ABC9EA /* NSURLSessionTask+EDAExtensions.m in Sources */,
				E382E3E81C3AB401009059BA /* EDAResponseRequestResultTests.m in Sources */,
				E382C6001C3BB4C40006F1C1 /* EDAResponseTests.m in Sources */,
				E38A5A901C6A238C00AC03ED /* EDARecordInfoRequest.m in Sources */,
				E314485C1C8DA928007A69AD /* EDAObserverSpec.m in Sources */,
			);
			runOnlyForDeploymentPostprocessing = 0;
		};
/* End PBXSourcesBuildPhase section */

/* Begin PBXTargetDependency section */
		E382E3A51C3A914A009059BA /* PBXTargetDependency */ = {
			isa = PBXTargetDependency;
			target = E382E3891C3A914A009059BA /* EducationTestApp */;
			targetProxy = E382E3A41C3A914A009059BA /* PBXContainerItemProxy */;
		};
/* End PBXTargetDependency section */

/* Begin PBXVariantGroup section */
		E38ABB6D1C64E9930099B5E6 /* LaunchScreen.storyboard */ = {
			isa = PBXVariantGroup;
			children = (
				E38ABB6E1C64E9930099B5E6 /* Base */,
			);
			name = LaunchScreen.storyboard;
			sourceTree = "<group>";
		};
		E38ABB6F1C64E9930099B5E6 /* Main.storyboard */ = {
			isa = PBXVariantGroup;
			children = (
				E38ABB701C64E9930099B5E6 /* Base */,
			);
			name = Main.storyboard;
			sourceTree = "<group>";
		};
/* End PBXVariantGroup section */

/* Begin XCBuildConfiguration section */
		E382E3B51C3A914A009059BA /* Debug */ = {
			isa = XCBuildConfiguration;
			buildSettings = {
				ALWAYS_SEARCH_USER_PATHS = NO;
				CLANG_CXX_LANGUAGE_STANDARD = "gnu++0x";
				CLANG_CXX_LIBRARY = "libc++";
				CLANG_ENABLE_MODULES = YES;
				CLANG_ENABLE_OBJC_ARC = YES;
				CLANG_WARN_BOOL_CONVERSION = YES;
				CLANG_WARN_CONSTANT_CONVERSION = YES;
				CLANG_WARN_DIRECT_OBJC_ISA_USAGE = YES_ERROR;
				CLANG_WARN_EMPTY_BODY = YES;
				CLANG_WARN_ENUM_CONVERSION = YES;
				CLANG_WARN_INT_CONVERSION = YES;
				CLANG_WARN_OBJC_ROOT_CLASS = YES_ERROR;
				CLANG_WARN_UNREACHABLE_CODE = YES;
				CLANG_WARN__DUPLICATE_METHOD_MATCH = YES;
				"CODE_SIGN_IDENTITY[sdk=iphoneos*]" = "iPhone Developer";
				COPY_PHASE_STRIP = NO;
				DEBUG_INFORMATION_FORMAT = dwarf;
				ENABLE_STRICT_OBJC_MSGSEND = YES;
				ENABLE_TESTABILITY = YES;
				GCC_C_LANGUAGE_STANDARD = gnu99;
				GCC_DYNAMIC_NO_PIC = NO;
				GCC_NO_COMMON_BLOCKS = YES;
				GCC_OPTIMIZATION_LEVEL = 0;
				GCC_PREPROCESSOR_DEFINITIONS = (
					"DEBUG=1",
					"$(inherited)",
				);
				GCC_WARN_64_TO_32_BIT_CONVERSION = YES;
				GCC_WARN_ABOUT_RETURN_TYPE = YES_ERROR;
				GCC_WARN_UNDECLARED_SELECTOR = YES;
				GCC_WARN_UNINITIALIZED_AUTOS = YES_AGGRESSIVE;
				GCC_WARN_UNUSED_FUNCTION = YES;
				GCC_WARN_UNUSED_VARIABLE = YES;
				IPHONEOS_DEPLOYMENT_TARGET = 9.2;
				MTL_ENABLE_DEBUG_INFO = YES;
				ONLY_ACTIVE_ARCH = YES;
				SDKROOT = iphoneos;
				TARGETED_DEVICE_FAMILY = "1,2";
			};
			name = Debug;
		};
		E382E3B61C3A914A009059BA /* Release */ = {
			isa = XCBuildConfiguration;
			buildSettings = {
				ALWAYS_SEARCH_USER_PATHS = NO;
				CLANG_CXX_LANGUAGE_STANDARD = "gnu++0x";
				CLANG_CXX_LIBRARY = "libc++";
				CLANG_ENABLE_MODULES = YES;
				CLANG_ENABLE_OBJC_ARC = YES;
				CLANG_WARN_BOOL_CONVERSION = YES;
				CLANG_WARN_CONSTANT_CONVERSION = YES;
				CLANG_WARN_DIRECT_OBJC_ISA_USAGE = YES_ERROR;
				CLANG_WARN_EMPTY_BODY = YES;
				CLANG_WARN_ENUM_CONVERSION = YES;
				CLANG_WARN_INT_CONVERSION = YES;
				CLANG_WARN_OBJC_ROOT_CLASS = YES_ERROR;
				CLANG_WARN_UNREACHABLE_CODE = YES;
				CLANG_WARN__DUPLICATE_METHOD_MATCH = YES;
				"CODE_SIGN_IDENTITY[sdk=iphoneos*]" = "iPhone Developer";
				COPY_PHASE_STRIP = NO;
				DEBUG_INFORMATION_FORMAT = "dwarf-with-dsym";
				ENABLE_NS_ASSERTIONS = NO;
				ENABLE_STRICT_OBJC_MSGSEND = YES;
				GCC_C_LANGUAGE_STANDARD = gnu99;
				GCC_NO_COMMON_BLOCKS = YES;
				GCC_WARN_64_TO_32_BIT_CONVERSION = YES;
				GCC_WARN_ABOUT_RETURN_TYPE = YES_ERROR;
				GCC_WARN_UNDECLARED_SELECTOR = YES;
				GCC_WARN_UNINITIALIZED_AUTOS = YES_AGGRESSIVE;
				GCC_WARN_UNUSED_FUNCTION = YES;
				GCC_WARN_UNUSED_VARIABLE = YES;
				IPHONEOS_DEPLOYMENT_TARGET = 9.2;
				MTL_ENABLE_DEBUG_INFO = NO;
				SDKROOT = iphoneos;
				TARGETED_DEVICE_FAMILY = "1,2";
				VALIDATE_PRODUCT = YES;
			};
			name = Release;
		};
		E382E3B81C3A914A009059BA /* Debug */ = {
			isa = XCBuildConfiguration;
			buildSettings = {
				ASSETCATALOG_COMPILER_APPICON_NAME = AppIcon;
				INFOPLIST_FILE = EducationTestApp/Info.plist;
				IPHONEOS_DEPLOYMENT_TARGET = 8.0;
				LD_RUNPATH_SEARCH_PATHS = "$(inherited) @executable_path/Frameworks";
				PRODUCT_BUNDLE_IDENTIFIER = com.anahoret.EducationTestApp;
				PRODUCT_NAME = "$(TARGET_NAME)";
			};
			name = Debug;
		};
		E382E3B91C3A914A009059BA /* Release */ = {
			isa = XCBuildConfiguration;
			buildSettings = {
				ASSETCATALOG_COMPILER_APPICON_NAME = AppIcon;
				INFOPLIST_FILE = EducationTestApp/Info.plist;
				IPHONEOS_DEPLOYMENT_TARGET = 8.0;
				LD_RUNPATH_SEARCH_PATHS = "$(inherited) @executable_path/Frameworks";
				PRODUCT_BUNDLE_IDENTIFIER = com.anahoret.EducationTestApp;
				PRODUCT_NAME = "$(TARGET_NAME)";
			};
			name = Release;
		};
		E382E3BB1C3A914A009059BA /* Debug */ = {
			isa = XCBuildConfiguration;
			baseConfigurationReference = 9807A9D839318F44F9422E71 /* Pods-EducationTestAppTests.debug.xcconfig */;
			buildSettings = {
				BUNDLE_LOADER = "$(TEST_HOST)";
				INFOPLIST_FILE = EducationTestAppTests/Info.plist;
				LD_RUNPATH_SEARCH_PATHS = "$(inherited) @executable_path/Frameworks @loader_path/Frameworks";
				PRODUCT_BUNDLE_IDENTIFIER = com.anahoret.EducationTestAppTests;
				PRODUCT_NAME = "$(TARGET_NAME)";
				TEST_HOST = "$(BUILT_PRODUCTS_DIR)/EducationTestApp.app/EducationTestApp";
			};
			name = Debug;
		};
		E382E3BC1C3A914A009059BA /* Release */ = {
			isa = XCBuildConfiguration;
			baseConfigurationReference = 4A37D27B320CCC8B8857B137 /* Pods-EducationTestAppTests.release.xcconfig */;
			buildSettings = {
				BUNDLE_LOADER = "$(TEST_HOST)";
				INFOPLIST_FILE = EducationTestAppTests/Info.plist;
				LD_RUNPATH_SEARCH_PATHS = "$(inherited) @executable_path/Frameworks @loader_path/Frameworks";
				PRODUCT_BUNDLE_IDENTIFIER = com.anahoret.EducationTestAppTests;
				PRODUCT_NAME = "$(TARGET_NAME)";
				TEST_HOST = "$(BUILT_PRODUCTS_DIR)/EducationTestApp.app/EducationTestApp";
			};
			name = Release;
		};
/* End XCBuildConfiguration section */

/* Begin XCConfigurationList section */
		E382E3851C3A914A009059BA /* Build configuration list for PBXProject "EducationTestApp" */ = {
			isa = XCConfigurationList;
			buildConfigurations = (
				E382E3B51C3A914A009059BA /* Debug */,
				E382E3B61C3A914A009059BA /* Release */,
			);
			defaultConfigurationIsVisible = 0;
			defaultConfigurationName = Release;
		};
		E382E3B71C3A914A009059BA /* Build configuration list for PBXNativeTarget "EducationTestApp" */ = {
			isa = XCConfigurationList;
			buildConfigurations = (
				E382E3B81C3A914A009059BA /* Debug */,
				E382E3B91C3A914A009059BA /* Release */,
			);
			defaultConfigurationIsVisible = 0;
			defaultConfigurationName = Release;
		};
		E382E3BA1C3A914A009059BA /* Build configuration list for PBXNativeTarget "EducationTestAppTests" */ = {
			isa = XCConfigurationList;
			buildConfigurations = (
				E382E3BB1C3A914A009059BA /* Debug */,
				E382E3BC1C3A914A009059BA /* Release */,
			);
			defaultConfigurationIsVisible = 0;
			defaultConfigurationName = Release;
		};
/* End XCConfigurationList section */
	};
	rootObject = E382E3821C3A914A009059BA /* Project object */;
}
